// !$*UTF8*$!
{
	archiveVersion = 1;
	classes = {
	};
	objectVersion = 56;
	objects = {

/* Begin PBXBuildFile section */
		3E21D0DD291E1996000298CB /* AppIcon.swift in Sources */ = {isa = PBXBuildFile; fileRef = 3E21D0DC291E1996000298CB /* AppIcon.swift */; };
		3E21D0E0291E30B1000298CB /* ChangeIconViewModel.swift in Sources */ = {isa = PBXBuildFile; fileRef = 3E21D0DF291E30B1000298CB /* ChangeIconViewModel.swift */; };
		3E45C606291B5B100002B1C5 /* OneKDayApp.swift in Sources */ = {isa = PBXBuildFile; fileRef = 3E45C605291B5B100002B1C5 /* OneKDayApp.swift */; };
		3E45C608291B5B100002B1C5 /* ContentView.swift in Sources */ = {isa = PBXBuildFile; fileRef = 3E45C607291B5B100002B1C5 /* ContentView.swift */; };
		3E45C60A291B5B110002B1C5 /* Assets.xcassets in Resources */ = {isa = PBXBuildFile; fileRef = 3E45C609291B5B110002B1C5 /* Assets.xcassets */; };
		3E45C615291B5D620002B1C5 /* HealthData.swift in Sources */ = {isa = PBXBuildFile; fileRef = 3E45C614291B5D620002B1C5 /* HealthData.swift */; };
		3E45C61A291B5E2C0002B1C5 /* HealthKitSupport+Strings.swift in Sources */ = {isa = PBXBuildFile; fileRef = 3E45C619291B5E2C0002B1C5 /* HealthKitSupport+Strings.swift */; };
		3E45C61D291B6E8D0002B1C5 /* Types.swift in Sources */ = {isa = PBXBuildFile; fileRef = 3E45C61C291B6E8D0002B1C5 /* Types.swift */; };
		3E45C61F291B752A0002B1C5 /* SettingsSheet.swift in Sources */ = {isa = PBXBuildFile; fileRef = 3E45C61E291B752A0002B1C5 /* SettingsSheet.swift */; };
		3E6B9FC6291C8CF5000A8808 /* WidgetKit.framework in Frameworks */ = {isa = PBXBuildFile; fileRef = 3E6B9FC5291C8CF5000A8808 /* WidgetKit.framework */; };
		3E6B9FC8291C8CF5000A8808 /* SwiftUI.framework in Frameworks */ = {isa = PBXBuildFile; fileRef = 3E6B9FC7291C8CF5000A8808 /* SwiftUI.framework */; };
		3E6B9FCB291C8CF5000A8808 /* WidgetBundle.swift in Sources */ = {isa = PBXBuildFile; fileRef = 3E6B9FCA291C8CF5000A8808 /* WidgetBundle.swift */; };
		3E6B9FCD291C8CF5000A8808 /* WidgetProvider.swift in Sources */ = {isa = PBXBuildFile; fileRef = 3E6B9FCC291C8CF5000A8808 /* WidgetProvider.swift */; };
		3E6B9FD0291C8CF6000A8808 /* Assets.xcassets in Resources */ = {isa = PBXBuildFile; fileRef = 3E6B9FCF291C8CF6000A8808 /* Assets.xcassets */; };
		3E6B9FD2291C8CF6000A8808 /* Widget.intentdefinition in Sources */ = {isa = PBXBuildFile; fileRef = 3E6B9FCE291C8CF6000A8808 /* Widget.intentdefinition */; };
		3E6B9FD3291C8CF6000A8808 /* Widget.intentdefinition in Sources */ = {isa = PBXBuildFile; fileRef = 3E6B9FCE291C8CF6000A8808 /* Widget.intentdefinition */; };
		3E6B9FD6291C8CF6000A8808 /* WidgetExtension.appex in Embed Foundation Extensions */ = {isa = PBXBuildFile; fileRef = 3E6B9FC3291C8CF5000A8808 /* WidgetExtension.appex */; settings = {ATTRIBUTES = (RemoveHeadersOnCopy, ); }; };
		3EABCC6D291C92DA00EB680B /* WidgetBaseView.swift in Sources */ = {isa = PBXBuildFile; fileRef = 3EABCC6B291C92BB00EB680B /* WidgetBaseView.swift */; };
		3EABCC6E291C93BF00EB680B /* Types.swift in Sources */ = {isa = PBXBuildFile; fileRef = 3E45C61C291B6E8D0002B1C5 /* Types.swift */; };
		3EABCC6F291C93BF00EB680B /* HealthData.swift in Sources */ = {isa = PBXBuildFile; fileRef = 3E45C614291B5D620002B1C5 /* HealthData.swift */; };
		3EABCC70291C93BF00EB680B /* HealthKitSupport+Strings.swift in Sources */ = {isa = PBXBuildFile; fileRef = 3E45C619291B5E2C0002B1C5 /* HealthKitSupport+Strings.swift */; };
		3EABCC73291C94BD00EB680B /* SmallWidget.swift in Sources */ = {isa = PBXBuildFile; fileRef = 3EABCC72291C94BD00EB680B /* SmallWidget.swift */; };
		3EABCC75291C94C800EB680B /* FullWidget.swift in Sources */ = {isa = PBXBuildFile; fileRef = 3EABCC74291C94C800EB680B /* FullWidget.swift */; };
		3EABCC78291C97F200EB680B /* ChartUtils.swift in Sources */ = {isa = PBXBuildFile; fileRef = 3EABCC77291C97F200EB680B /* ChartUtils.swift */; };
		3EABCC79291C97F500EB680B /* ChartUtils.swift in Sources */ = {isa = PBXBuildFile; fileRef = 3EABCC77291C97F200EB680B /* ChartUtils.swift */; };
/* End PBXBuildFile section */

/* Begin PBXContainerItemProxy section */
		3E6B9FD4291C8CF6000A8808 /* PBXContainerItemProxy */ = {
			isa = PBXContainerItemProxy;
			containerPortal = 3E45C5FA291B5B100002B1C5 /* Project object */;
			proxyType = 1;
			remoteGlobalIDString = 3E6B9FC2291C8CF5000A8808;
			remoteInfo = WidgetExtension;
		};
/* End PBXContainerItemProxy section */

/* Begin PBXCopyFilesBuildPhase section */
		3E6B9FD7291C8CF7000A8808 /* Embed Foundation Extensions */ = {
			isa = PBXCopyFilesBuildPhase;
			buildActionMask = 2147483647;
			dstPath = "";
			dstSubfolderSpec = 13;
			files = (
				3E6B9FD6291C8CF6000A8808 /* WidgetExtension.appex in Embed Foundation Extensions */,
			);
			name = "Embed Foundation Extensions";
			runOnlyForDeploymentPostprocessing = 0;
		};
/* End PBXCopyFilesBuildPhase section */

/* Begin PBXFileReference section */
		3E21D0DC291E1996000298CB /* AppIcon.swift */ = {isa = PBXFileReference; lastKnownFileType = sourcecode.swift; path = AppIcon.swift; sourceTree = "<group>"; };
		3E21D0DF291E30B1000298CB /* ChangeIconViewModel.swift */ = {isa = PBXFileReference; lastKnownFileType = sourcecode.swift; path = ChangeIconViewModel.swift; sourceTree = "<group>"; };
		3E45C602291B5B100002B1C5 /* OneKDay.app */ = {isa = PBXFileReference; explicitFileType = wrapper.application; includeInIndex = 0; path = OneKDay.app; sourceTree = BUILT_PRODUCTS_DIR; };
		3E45C605291B5B100002B1C5 /* OneKDayApp.swift */ = {isa = PBXFileReference; lastKnownFileType = sourcecode.swift; path = OneKDayApp.swift; sourceTree = "<group>"; };
		3E45C607291B5B100002B1C5 /* ContentView.swift */ = {isa = PBXFileReference; lastKnownFileType = sourcecode.swift; path = ContentView.swift; sourceTree = "<group>"; };
		3E45C609291B5B110002B1C5 /* Assets.xcassets */ = {isa = PBXFileReference; lastKnownFileType = folder.assetcatalog; path = Assets.xcassets; sourceTree = "<group>"; };
		3E45C60B291B5B110002B1C5 /* OneKDay.entitlements */ = {isa = PBXFileReference; lastKnownFileType = text.plist.entitlements; path = OneKDay.entitlements; sourceTree = "<group>"; };
		3E45C614291B5D620002B1C5 /* HealthData.swift */ = {isa = PBXFileReference; lastKnownFileType = sourcecode.swift; path = HealthData.swift; sourceTree = "<group>"; };
		3E45C619291B5E2C0002B1C5 /* HealthKitSupport+Strings.swift */ = {isa = PBXFileReference; lastKnownFileType = sourcecode.swift; path = "HealthKitSupport+Strings.swift"; sourceTree = "<group>"; };
		3E45C61B291B63A50002B1C5 /* Info.plist */ = {isa = PBXFileReference; lastKnownFileType = text.plist; path = Info.plist; sourceTree = "<group>"; };
		3E45C61C291B6E8D0002B1C5 /* Types.swift */ = {isa = PBXFileReference; lastKnownFileType = sourcecode.swift; path = Types.swift; sourceTree = "<group>"; };
		3E45C61E291B752A0002B1C5 /* SettingsSheet.swift */ = {isa = PBXFileReference; lastKnownFileType = sourcecode.swift; path = SettingsSheet.swift; sourceTree = "<group>"; };
		3E6B9FC3291C8CF5000A8808 /* WidgetExtension.appex */ = {isa = PBXFileReference; explicitFileType = "wrapper.app-extension"; includeInIndex = 0; path = WidgetExtension.appex; sourceTree = BUILT_PRODUCTS_DIR; };
		3E6B9FC5291C8CF5000A8808 /* WidgetKit.framework */ = {isa = PBXFileReference; lastKnownFileType = wrapper.framework; name = WidgetKit.framework; path = System/Library/Frameworks/WidgetKit.framework; sourceTree = SDKROOT; };
		3E6B9FC7291C8CF5000A8808 /* SwiftUI.framework */ = {isa = PBXFileReference; lastKnownFileType = wrapper.framework; name = SwiftUI.framework; path = System/Library/Frameworks/SwiftUI.framework; sourceTree = SDKROOT; };
		3E6B9FCA291C8CF5000A8808 /* WidgetBundle.swift */ = {isa = PBXFileReference; lastKnownFileType = sourcecode.swift; path = WidgetBundle.swift; sourceTree = "<group>"; };
		3E6B9FCC291C8CF5000A8808 /* WidgetProvider.swift */ = {isa = PBXFileReference; lastKnownFileType = sourcecode.swift; path = WidgetProvider.swift; sourceTree = "<group>"; };
		3E6B9FCE291C8CF6000A8808 /* Widget.intentdefinition */ = {isa = PBXFileReference; lastKnownFileType = file.intentdefinition; path = Widget.intentdefinition; sourceTree = "<group>"; };
		3E6B9FCF291C8CF6000A8808 /* Assets.xcassets */ = {isa = PBXFileReference; lastKnownFileType = folder.assetcatalog; path = Assets.xcassets; sourceTree = "<group>"; };
		3E6B9FD1291C8CF6000A8808 /* Info.plist */ = {isa = PBXFileReference; lastKnownFileType = text.plist.xml; path = Info.plist; sourceTree = "<group>"; };
		3E6B9FDB291C8D43000A8808 /* WidgetExtension.entitlements */ = {isa = PBXFileReference; lastKnownFileType = text.plist.entitlements; path = WidgetExtension.entitlements; sourceTree = "<group>"; };
		3EABCC6B291C92BB00EB680B /* WidgetBaseView.swift */ = {isa = PBXFileReference; lastKnownFileType = sourcecode.swift; path = WidgetBaseView.swift; sourceTree = "<group>"; };
		3EABCC72291C94BD00EB680B /* SmallWidget.swift */ = {isa = PBXFileReference; lastKnownFileType = sourcecode.swift; path = SmallWidget.swift; sourceTree = "<group>"; };
		3EABCC74291C94C800EB680B /* FullWidget.swift */ = {isa = PBXFileReference; lastKnownFileType = sourcecode.swift; path = FullWidget.swift; sourceTree = "<group>"; };
		3EABCC77291C97F200EB680B /* ChartUtils.swift */ = {isa = PBXFileReference; lastKnownFileType = sourcecode.swift; path = ChartUtils.swift; sourceTree = "<group>"; };
/* End PBXFileReference section */

/* Begin PBXFrameworksBuildPhase section */
		3E45C5FF291B5B100002B1C5 /* Frameworks */ = {
			isa = PBXFrameworksBuildPhase;
			buildActionMask = 2147483647;
			files = (
			);
			runOnlyForDeploymentPostprocessing = 0;
		};
		3E6B9FC0291C8CF5000A8808 /* Frameworks */ = {
			isa = PBXFrameworksBuildPhase;
			buildActionMask = 2147483647;
			files = (
				3E6B9FC8291C8CF5000A8808 /* SwiftUI.framework in Frameworks */,
				3E6B9FC6291C8CF5000A8808 /* WidgetKit.framework in Frameworks */,
			);
			runOnlyForDeploymentPostprocessing = 0;
		};
/* End PBXFrameworksBuildPhase section */

/* Begin PBXGroup section */
		3E21D0DE291E309A000298CB /* AppIconHandler */ = {
			isa = PBXGroup;
			children = (
				3E21D0DC291E1996000298CB /* AppIcon.swift */,
				3E21D0DF291E30B1000298CB /* ChangeIconViewModel.swift */,
			);
			path = AppIconHandler;
			sourceTree = "<group>";
		};
		3E45C5F9291B5B100002B1C5 = {
			isa = PBXGroup;
			children = (
				3E6B9FDB291C8D43000A8808 /* WidgetExtension.entitlements */,
				3EABCC71291C93D800EB680B /* Shared */,
				3E45C604291B5B100002B1C5 /* OneKDay */,
				3E6B9FC9291C8CF5000A8808 /* Widget */,
				3E6B9FC4291C8CF5000A8808 /* Frameworks */,
				3E45C603291B5B100002B1C5 /* Products */,
			);
			sourceTree = "<group>";
		};
		3E45C603291B5B100002B1C5 /* Products */ = {
			isa = PBXGroup;
			children = (
				3E45C602291B5B100002B1C5 /* OneKDay.app */,
				3E6B9FC3291C8CF5000A8808 /* WidgetExtension.appex */,
			);
			name = Products;
			sourceTree = "<group>";
		};
		3E45C604291B5B100002B1C5 /* OneKDay */ = {
			isa = PBXGroup;
			children = (
				3E21D0DE291E309A000298CB /* AppIconHandler */,
				3E45C61B291B63A50002B1C5 /* Info.plist */,
				3E6B9FBE291C7B38000A8808 /* Views */,
				3E45C609291B5B110002B1C5 /* Assets.xcassets */,
				3E45C60B291B5B110002B1C5 /* OneKDay.entitlements */,
			);
			path = OneKDay;
			sourceTree = "<group>";
		};
		3E45C616291B5E020002B1C5 /* HealthData */ = {
			isa = PBXGroup;
			children = (
				3E45C614291B5D620002B1C5 /* HealthData.swift */,
				3E45C619291B5E2C0002B1C5 /* HealthKitSupport+Strings.swift */,
			);
			path = HealthData;
			sourceTree = "<group>";
		};
		3E6B9FBE291C7B38000A8808 /* Views */ = {
			isa = PBXGroup;
			children = (
				3E45C605291B5B100002B1C5 /* OneKDayApp.swift */,
				3E45C607291B5B100002B1C5 /* ContentView.swift */,
				3E45C61E291B752A0002B1C5 /* SettingsSheet.swift */,
			);
			path = Views;
			sourceTree = "<group>";
		};
		3E6B9FC4291C8CF5000A8808 /* Frameworks */ = {
			isa = PBXGroup;
			children = (
				3E6B9FC5291C8CF5000A8808 /* WidgetKit.framework */,
				3E6B9FC7291C8CF5000A8808 /* SwiftUI.framework */,
			);
			name = Frameworks;
			sourceTree = "<group>";
		};
		3E6B9FC9291C8CF5000A8808 /* Widget */ = {
			isa = PBXGroup;
			children = (
				3EABCC76291C956D00EB680B /* Widget */,
				3E6B9FCC291C8CF5000A8808 /* WidgetProvider.swift */,
				3E6B9FCA291C8CF5000A8808 /* WidgetBundle.swift */,
				3E6B9FCE291C8CF6000A8808 /* Widget.intentdefinition */,
				3E6B9FCF291C8CF6000A8808 /* Assets.xcassets */,
				3E6B9FD1291C8CF6000A8808 /* Info.plist */,
			);
			path = Widget;
			sourceTree = "<group>";
		};
		3EABCC71291C93D800EB680B /* Shared */ = {
			isa = PBXGroup;
			children = (
				3E45C616291B5E020002B1C5 /* HealthData */,
				3E45C61C291B6E8D0002B1C5 /* Types.swift */,
				3EABCC77291C97F200EB680B /* ChartUtils.swift */,
			);
			path = Shared;
			sourceTree = "<group>";
		};
		3EABCC76291C956D00EB680B /* Widget */ = {
			isa = PBXGroup;
			children = (
				3EABCC74291C94C800EB680B /* FullWidget.swift */,
				3EABCC72291C94BD00EB680B /* SmallWidget.swift */,
				3EABCC6B291C92BB00EB680B /* WidgetBaseView.swift */,
			);
			path = Widget;
			sourceTree = "<group>";
		};
/* End PBXGroup section */

/* Begin PBXNativeTarget section */
		3E45C601291B5B100002B1C5 /* OneKDay */ = {
			isa = PBXNativeTarget;
			buildConfigurationList = 3E45C611291B5B110002B1C5 /* Build configuration list for PBXNativeTarget "OneKDay" */;
			buildPhases = (
				3E45C5FE291B5B100002B1C5 /* Sources */,
				3E45C5FF291B5B100002B1C5 /* Frameworks */,
				3E45C600291B5B100002B1C5 /* Resources */,
				3E6B9FD7291C8CF7000A8808 /* Embed Foundation Extensions */,
			);
			buildRules = (
			);
			dependencies = (
				3E6B9FD5291C8CF6000A8808 /* PBXTargetDependency */,
			);
			name = OneKDay;
			productName = OneKDay;
			productReference = 3E45C602291B5B100002B1C5 /* OneKDay.app */;
			productType = "com.apple.product-type.application";
		};
		3E6B9FC2291C8CF5000A8808 /* WidgetExtension */ = {
			isa = PBXNativeTarget;
			buildConfigurationList = 3E6B9FDA291C8CF7000A8808 /* Build configuration list for PBXNativeTarget "WidgetExtension" */;
			buildPhases = (
				3E6B9FBF291C8CF5000A8808 /* Sources */,
				3E6B9FC0291C8CF5000A8808 /* Frameworks */,
				3E6B9FC1291C8CF5000A8808 /* Resources */,
			);
			buildRules = (
			);
			dependencies = (
			);
			name = WidgetExtension;
			productName = WidgetExtension;
			productReference = 3E6B9FC3291C8CF5000A8808 /* WidgetExtension.appex */;
			productType = "com.apple.product-type.app-extension";
		};
/* End PBXNativeTarget section */

/* Begin PBXProject section */
		3E45C5FA291B5B100002B1C5 /* Project object */ = {
			isa = PBXProject;
			attributes = {
				BuildIndependentTargetsInParallel = 1;
				LastSwiftUpdateCheck = 1410;
				LastUpgradeCheck = 1410;
				TargetAttributes = {
					3E45C601291B5B100002B1C5 = {
						CreatedOnToolsVersion = 14.1;
					};
					3E6B9FC2291C8CF5000A8808 = {
						CreatedOnToolsVersion = 14.1;
					};
				};
			};
			buildConfigurationList = 3E45C5FD291B5B100002B1C5 /* Build configuration list for PBXProject "OneKDay" */;
			compatibilityVersion = "Xcode 14.0";
			developmentRegion = en;
			hasScannedForEncodings = 0;
			knownRegions = (
				en,
				Base,
			);
			mainGroup = 3E45C5F9291B5B100002B1C5;
			productRefGroup = 3E45C603291B5B100002B1C5 /* Products */;
			projectDirPath = "";
			projectRoot = "";
			targets = (
				3E45C601291B5B100002B1C5 /* OneKDay */,
				3E6B9FC2291C8CF5000A8808 /* WidgetExtension */,
			);
		};
/* End PBXProject section */

/* Begin PBXResourcesBuildPhase section */
		3E45C600291B5B100002B1C5 /* Resources */ = {
			isa = PBXResourcesBuildPhase;
			buildActionMask = 2147483647;
			files = (
				3E45C60A291B5B110002B1C5 /* Assets.xcassets in Resources */,
			);
			runOnlyForDeploymentPostprocessing = 0;
		};
		3E6B9FC1291C8CF5000A8808 /* Resources */ = {
			isa = PBXResourcesBuildPhase;
			buildActionMask = 2147483647;
			files = (
				3E6B9FD0291C8CF6000A8808 /* Assets.xcassets in Resources */,
			);
			runOnlyForDeploymentPostprocessing = 0;
		};
/* End PBXResourcesBuildPhase section */

/* Begin PBXSourcesBuildPhase section */
		3E45C5FE291B5B100002B1C5 /* Sources */ = {
			isa = PBXSourcesBuildPhase;
			buildActionMask = 2147483647;
			files = (
				3E45C615291B5D620002B1C5 /* HealthData.swift in Sources */,
				3E21D0E0291E30B1000298CB /* ChangeIconViewModel.swift in Sources */,
				3E45C61A291B5E2C0002B1C5 /* HealthKitSupport+Strings.swift in Sources */,
				3E21D0DD291E1996000298CB /* AppIcon.swift in Sources */,
				3E45C61D291B6E8D0002B1C5 /* Types.swift in Sources */,
				3E6B9FD3291C8CF6000A8808 /* Widget.intentdefinition in Sources */,
				3E45C608291B5B100002B1C5 /* ContentView.swift in Sources */,
				3E45C61F291B752A0002B1C5 /* SettingsSheet.swift in Sources */,
				3EABCC79291C97F500EB680B /* ChartUtils.swift in Sources */,
				3E45C606291B5B100002B1C5 /* OneKDayApp.swift in Sources */,
			);
			runOnlyForDeploymentPostprocessing = 0;
		};
		3E6B9FBF291C8CF5000A8808 /* Sources */ = {
			isa = PBXSourcesBuildPhase;
			buildActionMask = 2147483647;
			files = (
				3EABCC78291C97F200EB680B /* ChartUtils.swift in Sources */,
				3E6B9FCB291C8CF5000A8808 /* WidgetBundle.swift in Sources */,
				3EABCC73291C94BD00EB680B /* SmallWidget.swift in Sources */,
				3EABCC75291C94C800EB680B /* FullWidget.swift in Sources */,
				3EABCC70291C93BF00EB680B /* HealthKitSupport+Strings.swift in Sources */,
				3E6B9FCD291C8CF5000A8808 /* WidgetProvider.swift in Sources */,
				3EABCC6D291C92DA00EB680B /* WidgetBaseView.swift in Sources */,
				3EABCC6F291C93BF00EB680B /* HealthData.swift in Sources */,
				3EABCC6E291C93BF00EB680B /* Types.swift in Sources */,
				3E6B9FD2291C8CF6000A8808 /* Widget.intentdefinition in Sources */,
			);
			runOnlyForDeploymentPostprocessing = 0;
		};
/* End PBXSourcesBuildPhase section */

/* Begin PBXTargetDependency section */
		3E6B9FD5291C8CF6000A8808 /* PBXTargetDependency */ = {
			isa = PBXTargetDependency;
			target = 3E6B9FC2291C8CF5000A8808 /* WidgetExtension */;
			targetProxy = 3E6B9FD4291C8CF6000A8808 /* PBXContainerItemProxy */;
		};
/* End PBXTargetDependency section */

/* Begin XCBuildConfiguration section */
		3E45C60F291B5B110002B1C5 /* Debug */ = {
			isa = XCBuildConfiguration;
			buildSettings = {
				ALWAYS_SEARCH_USER_PATHS = NO;
				BUILD_NUMBER = 1;
				BUILD_VERSION = 1.0.0;
				CLANG_ANALYZER_NONNULL = YES;
				CLANG_ANALYZER_NUMBER_OBJECT_CONVERSION = YES_AGGRESSIVE;
				CLANG_CXX_LANGUAGE_STANDARD = "gnu++20";
				CLANG_ENABLE_MODULES = YES;
				CLANG_ENABLE_OBJC_ARC = YES;
				CLANG_ENABLE_OBJC_WEAK = YES;
				CLANG_WARN_BLOCK_CAPTURE_AUTORELEASING = YES;
				CLANG_WARN_BOOL_CONVERSION = YES;
				CLANG_WARN_COMMA = YES;
				CLANG_WARN_CONSTANT_CONVERSION = YES;
				CLANG_WARN_DEPRECATED_OBJC_IMPLEMENTATIONS = YES;
				CLANG_WARN_DIRECT_OBJC_ISA_USAGE = YES_ERROR;
				CLANG_WARN_DOCUMENTATION_COMMENTS = YES;
				CLANG_WARN_EMPTY_BODY = YES;
				CLANG_WARN_ENUM_CONVERSION = YES;
				CLANG_WARN_INFINITE_RECURSION = YES;
				CLANG_WARN_INT_CONVERSION = YES;
				CLANG_WARN_NON_LITERAL_NULL_CONVERSION = YES;
				CLANG_WARN_OBJC_IMPLICIT_RETAIN_SELF = YES;
				CLANG_WARN_OBJC_LITERAL_CONVERSION = YES;
				CLANG_WARN_OBJC_ROOT_CLASS = YES_ERROR;
				CLANG_WARN_QUOTED_INCLUDE_IN_FRAMEWORK_HEADER = YES;
				CLANG_WARN_RANGE_LOOP_ANALYSIS = YES;
				CLANG_WARN_STRICT_PROTOTYPES = YES;
				CLANG_WARN_SUSPICIOUS_MOVE = YES;
				CLANG_WARN_UNGUARDED_AVAILABILITY = YES_AGGRESSIVE;
				CLANG_WARN_UNREACHABLE_CODE = YES;
				CLANG_WARN__DUPLICATE_METHOD_MATCH = YES;
				COPY_PHASE_STRIP = NO;
				DEBUG_INFORMATION_FORMAT = dwarf;
				ENABLE_STRICT_OBJC_MSGSEND = YES;
				ENABLE_TESTABILITY = YES;
				GCC_C_LANGUAGE_STANDARD = gnu11;
				GCC_DYNAMIC_NO_PIC = NO;
				GCC_NO_COMMON_BLOCKS = YES;
				GCC_OPTIMIZATION_LEVEL = 0;
				GCC_PREPROCESSOR_DEFINITIONS = (
					"DEBUG=1",
					"$(inherited)",
				);
				GCC_WARN_64_TO_32_BIT_CONVERSION = YES;
				GCC_WARN_ABOUT_RETURN_TYPE = YES_ERROR;
				GCC_WARN_UNDECLARED_SELECTOR = YES;
				GCC_WARN_UNINITIALIZED_AUTOS = YES_AGGRESSIVE;
				GCC_WARN_UNUSED_FUNCTION = YES;
				GCC_WARN_UNUSED_VARIABLE = YES;
				MTL_ENABLE_DEBUG_INFO = INCLUDE_SOURCE;
				MTL_FAST_MATH = YES;
				ONLY_ACTIVE_ARCH = YES;
				SWIFT_ACTIVE_COMPILATION_CONDITIONS = DEBUG;
				SWIFT_OPTIMIZATION_LEVEL = "-Onone";
			};
			name = Debug;
		};
		3E45C610291B5B110002B1C5 /* Release */ = {
			isa = XCBuildConfiguration;
			buildSettings = {
				ALWAYS_SEARCH_USER_PATHS = NO;
				BUILD_NUMBER = 1;
				BUILD_VERSION = 1.0.0;
				CLANG_ANALYZER_NONNULL = YES;
				CLANG_ANALYZER_NUMBER_OBJECT_CONVERSION = YES_AGGRESSIVE;
				CLANG_CXX_LANGUAGE_STANDARD = "gnu++20";
				CLANG_ENABLE_MODULES = YES;
				CLANG_ENABLE_OBJC_ARC = YES;
				CLANG_ENABLE_OBJC_WEAK = YES;
				CLANG_WARN_BLOCK_CAPTURE_AUTORELEASING = YES;
				CLANG_WARN_BOOL_CONVERSION = YES;
				CLANG_WARN_COMMA = YES;
				CLANG_WARN_CONSTANT_CONVERSION = YES;
				CLANG_WARN_DEPRECATED_OBJC_IMPLEMENTATIONS = YES;
				CLANG_WARN_DIRECT_OBJC_ISA_USAGE = YES_ERROR;
				CLANG_WARN_DOCUMENTATION_COMMENTS = YES;
				CLANG_WARN_EMPTY_BODY = YES;
				CLANG_WARN_ENUM_CONVERSION = YES;
				CLANG_WARN_INFINITE_RECURSION = YES;
				CLANG_WARN_INT_CONVERSION = YES;
				CLANG_WARN_NON_LITERAL_NULL_CONVERSION = YES;
				CLANG_WARN_OBJC_IMPLICIT_RETAIN_SELF = YES;
				CLANG_WARN_OBJC_LITERAL_CONVERSION = YES;
				CLANG_WARN_OBJC_ROOT_CLASS = YES_ERROR;
				CLANG_WARN_QUOTED_INCLUDE_IN_FRAMEWORK_HEADER = YES;
				CLANG_WARN_RANGE_LOOP_ANALYSIS = YES;
				CLANG_WARN_STRICT_PROTOTYPES = YES;
				CLANG_WARN_SUSPICIOUS_MOVE = YES;
				CLANG_WARN_UNGUARDED_AVAILABILITY = YES_AGGRESSIVE;
				CLANG_WARN_UNREACHABLE_CODE = YES;
				CLANG_WARN__DUPLICATE_METHOD_MATCH = YES;
				COPY_PHASE_STRIP = NO;
				DEBUG_INFORMATION_FORMAT = "dwarf-with-dsym";
				ENABLE_NS_ASSERTIONS = NO;
				ENABLE_STRICT_OBJC_MSGSEND = YES;
				GCC_C_LANGUAGE_STANDARD = gnu11;
				GCC_NO_COMMON_BLOCKS = YES;
				GCC_WARN_64_TO_32_BIT_CONVERSION = YES;
				GCC_WARN_ABOUT_RETURN_TYPE = YES_ERROR;
				GCC_WARN_UNDECLARED_SELECTOR = YES;
				GCC_WARN_UNINITIALIZED_AUTOS = YES_AGGRESSIVE;
				GCC_WARN_UNUSED_FUNCTION = YES;
				GCC_WARN_UNUSED_VARIABLE = YES;
				MTL_ENABLE_DEBUG_INFO = NO;
				MTL_FAST_MATH = YES;
				SWIFT_COMPILATION_MODE = wholemodule;
				SWIFT_OPTIMIZATION_LEVEL = "-O";
			};
			name = Release;
		};
		3E45C612291B5B110002B1C5 /* Debug */ = {
			isa = XCBuildConfiguration;
			buildSettings = {
				ALWAYS_EMBED_SWIFT_STANDARD_LIBRARIES = YES;
				ASSETCATALOG_COMPILER_APPICON_NAME = Original;
				ASSETCATALOG_COMPILER_GLOBAL_ACCENT_COLOR_NAME = AccentColor;
				ASSETCATALOG_COMPILER_INCLUDE_ALL_APPICON_ASSETS = YES;
				CODE_SIGN_ENTITLEMENTS = OneKDay/OneKDay.entitlements;
				CODE_SIGN_STYLE = Automatic;
				CURRENT_PROJECT_VERSION = $BUILD_NUMBER;
				DEVELOPMENT_TEAM = 69RV8YV62P;
				ENABLE_HARDENED_RUNTIME = YES;
				ENABLE_PREVIEWS = YES;
				GENERATE_INFOPLIST_FILE = YES;
				INFOPLIST_FILE = OneKDay/Info.plist;
				INFOPLIST_KEY_CFBundleDisplayName = "OneK Day";
				INFOPLIST_KEY_LSApplicationCategoryType = "public.app-category.utilities";
				INFOPLIST_KEY_NSHealthShareUsageDescription = "Used to access step count and distance traveled";
				"INFOPLIST_KEY_UIApplicationSceneManifest_Generation[sdk=iphoneos*]" = YES;
				"INFOPLIST_KEY_UIApplicationSceneManifest_Generation[sdk=iphonesimulator*]" = YES;
				"INFOPLIST_KEY_UIApplicationSupportsIndirectInputEvents[sdk=iphoneos*]" = YES;
				"INFOPLIST_KEY_UIApplicationSupportsIndirectInputEvents[sdk=iphonesimulator*]" = YES;
				"INFOPLIST_KEY_UILaunchScreen_Generation[sdk=iphoneos*]" = YES;
				"INFOPLIST_KEY_UILaunchScreen_Generation[sdk=iphonesimulator*]" = YES;
				"INFOPLIST_KEY_UIStatusBarStyle[sdk=iphoneos*]" = UIStatusBarStyleDefault;
				"INFOPLIST_KEY_UIStatusBarStyle[sdk=iphonesimulator*]" = UIStatusBarStyleDefault;
				INFOPLIST_KEY_UISupportedInterfaceOrientations = UIInterfaceOrientationPortrait;
				INFOPLIST_KEY_UISupportedInterfaceOrientations_iPad = "UIInterfaceOrientationLandscapeLeft UIInterfaceOrientationLandscapeRight UIInterfaceOrientationPortrait UIInterfaceOrientationPortraitUpsideDown";
				IPHONEOS_DEPLOYMENT_TARGET = 16.0;
				LD_RUNPATH_SEARCH_PATHS = "@executable_path/Frameworks";
				"LD_RUNPATH_SEARCH_PATHS[sdk=macosx*]" = "@executable_path/../Frameworks";
				MACOSX_DEPLOYMENT_TARGET = 12.5;
				MARKETING_VERSION = $BUILD_VERSION;
				PRODUCT_BUNDLE_IDENTIFIER = com.hbiede.OneKDay;
				PRODUCT_NAME = "$(TARGET_NAME)";
				SDKROOT = auto;
				SUPPORTED_PLATFORMS = "iphoneos iphonesimulator";
				SUPPORTS_MACCATALYST = NO;
				SUPPORTS_MAC_DESIGNED_FOR_IPHONE_IPAD = NO;
				SWIFT_EMIT_LOC_STRINGS = YES;
				SWIFT_VERSION = 5.0;
				TARGETED_DEVICE_FAMILY = 1;
			};
			name = Debug;
		};
		3E45C613291B5B110002B1C5 /* Release */ = {
			isa = XCBuildConfiguration;
			buildSettings = {
				ALWAYS_EMBED_SWIFT_STANDARD_LIBRARIES = YES;
				ASSETCATALOG_COMPILER_APPICON_NAME = Original;
				ASSETCATALOG_COMPILER_GLOBAL_ACCENT_COLOR_NAME = AccentColor;
				ASSETCATALOG_COMPILER_INCLUDE_ALL_APPICON_ASSETS = YES;
				CODE_SIGN_ENTITLEMENTS = OneKDay/OneKDay.entitlements;
				CODE_SIGN_STYLE = Automatic;
				CURRENT_PROJECT_VERSION = $BUILD_NUMBER;
				DEVELOPMENT_TEAM = 69RV8YV62P;
				ENABLE_HARDENED_RUNTIME = YES;
				ENABLE_PREVIEWS = YES;
				GENERATE_INFOPLIST_FILE = YES;
				INFOPLIST_FILE = OneKDay/Info.plist;
				INFOPLIST_KEY_CFBundleDisplayName = "OneK Day";
				INFOPLIST_KEY_LSApplicationCategoryType = "public.app-category.utilities";
				INFOPLIST_KEY_NSHealthShareUsageDescription = "Used to access step count and distance traveled";
				"INFOPLIST_KEY_UIApplicationSceneManifest_Generation[sdk=iphoneos*]" = YES;
				"INFOPLIST_KEY_UIApplicationSceneManifest_Generation[sdk=iphonesimulator*]" = YES;
				"INFOPLIST_KEY_UIApplicationSupportsIndirectInputEvents[sdk=iphoneos*]" = YES;
				"INFOPLIST_KEY_UIApplicationSupportsIndirectInputEvents[sdk=iphonesimulator*]" = YES;
				"INFOPLIST_KEY_UILaunchScreen_Generation[sdk=iphoneos*]" = YES;
				"INFOPLIST_KEY_UILaunchScreen_Generation[sdk=iphonesimulator*]" = YES;
				"INFOPLIST_KEY_UIStatusBarStyle[sdk=iphoneos*]" = UIStatusBarStyleDefault;
				"INFOPLIST_KEY_UIStatusBarStyle[sdk=iphonesimulator*]" = UIStatusBarStyleDefault;
				INFOPLIST_KEY_UISupportedInterfaceOrientations = UIInterfaceOrientationPortrait;
				INFOPLIST_KEY_UISupportedInterfaceOrientations_iPad = "UIInterfaceOrientationLandscapeLeft UIInterfaceOrientationLandscapeRight UIInterfaceOrientationPortrait UIInterfaceOrientationPortraitUpsideDown";
				IPHONEOS_DEPLOYMENT_TARGET = 16.0;
				LD_RUNPATH_SEARCH_PATHS = "@executable_path/Frameworks";
				"LD_RUNPATH_SEARCH_PATHS[sdk=macosx*]" = "@executable_path/../Frameworks";
				MACOSX_DEPLOYMENT_TARGET = 12.5;
				MARKETING_VERSION = $BUILD_VERSION;
				PRODUCT_BUNDLE_IDENTIFIER = com.hbiede.OneKDay;
				PRODUCT_NAME = "$(TARGET_NAME)";
				SDKROOT = auto;
				SUPPORTED_PLATFORMS = "iphoneos iphonesimulator";
				SUPPORTS_MACCATALYST = NO;
				SUPPORTS_MAC_DESIGNED_FOR_IPHONE_IPAD = NO;
				SWIFT_EMIT_LOC_STRINGS = YES;
				SWIFT_VERSION = 5.0;
				TARGETED_DEVICE_FAMILY = 1;
			};
			name = Release;
		};
		3E6B9FD8291C8CF7000A8808 /* Debug */ = {
			isa = XCBuildConfiguration;
			buildSettings = {
				ASSETCATALOG_COMPILER_GLOBAL_ACCENT_COLOR_NAME = AccentColor;
				ASSETCATALOG_COMPILER_WIDGET_BACKGROUND_COLOR_NAME = WidgetBackground;
				CODE_SIGN_ENTITLEMENTS = WidgetExtension.entitlements;
				CODE_SIGN_STYLE = Automatic;
				CURRENT_PROJECT_VERSION = $BUILD_NUMBER;
				DEVELOPMENT_TEAM = 69RV8YV62P;
				GENERATE_INFOPLIST_FILE = YES;
				INFOPLIST_FILE = Widget/Info.plist;
				INFOPLIST_KEY_CFBundleDisplayName = "OneK Day";
				INFOPLIST_KEY_NSHumanReadableCopyright = "";
				IPHONEOS_DEPLOYMENT_TARGET = 16.0;
				LD_RUNPATH_SEARCH_PATHS = (
					"$(inherited)",
					"@executable_path/Frameworks",
					"@executable_path/../../Frameworks",
				);
				MARKETING_VERSION = $BUILD_VERSION;
				PRODUCT_BUNDLE_IDENTIFIER = com.hbiede.OneKDay.Widget;
				PRODUCT_NAME = "$(TARGET_NAME)";
				SDKROOT = iphoneos;
				SKIP_INSTALL = YES;
				SWIFT_EMIT_LOC_STRINGS = YES;
				SWIFT_VERSION = 5.0;
				TARGETED_DEVICE_FAMILY = 1;
			};
			name = Debug;
		};
		3E6B9FD9291C8CF7000A8808 /* Release */ = {
			isa = XCBuildConfiguration;
			buildSettings = {
				ASSETCATALOG_COMPILER_GLOBAL_ACCENT_COLOR_NAME = AccentColor;
				ASSETCATALOG_COMPILER_WIDGET_BACKGROUND_COLOR_NAME = WidgetBackground;
				CODE_SIGN_ENTITLEMENTS = WidgetExtension.entitlements;
				CODE_SIGN_STYLE = Automatic;
				CURRENT_PROJECT_VERSION = $BUILD_NUMBER;
				DEVELOPMENT_TEAM = 69RV8YV62P;
				GENERATE_INFOPLIST_FILE = YES;
				INFOPLIST_FILE = Widget/Info.plist;
				INFOPLIST_KEY_CFBundleDisplayName = "OneK Day";
				INFOPLIST_KEY_NSHumanReadableCopyright = "";
				IPHONEOS_DEPLOYMENT_TARGET = 16.0;
				LD_RUNPATH_SEARCH_PATHS = (
					"$(inherited)",
					"@executable_path/Frameworks",
					"@executable_path/../../Frameworks",
				);
				MARKETING_VERSION = $BUILD_VERSION;
				PRODUCT_BUNDLE_IDENTIFIER = com.hbiede.OneKDay.Widget;
				PRODUCT_NAME = "$(TARGET_NAME)";
				SDKROOT = iphoneos;
				SKIP_INSTALL = YES;
				SWIFT_EMIT_LOC_STRINGS = YES;
				SWIFT_VERSION = 5.0;
				TARGETED_DEVICE_FAMILY = 1;
				VALIDATE_PRODUCT = YES;
			};
			name = Release;
		};
/* End XCBuildConfiguration section */

/* Begin XCConfigurationList section */
		3E45C5FD291B5B100002B1C5 /* Build configuration list for PBXProject "OneKDay" */ = {
			isa = XCConfigurationList;
			buildConfigurations = (
				3E45C60F291B5B110002B1C5 /* Debug */,
				3E45C610291B5B110002B1C5 /* Release */,
			);
			defaultConfigurationIsVisible = 0;
			defaultConfigurationName = Release;
		};
		3E45C611291B5B110002B1C5 /* Build configuration list for PBXNativeTarget "OneKDay" */ = {
			isa = XCConfigurationList;
			buildConfigurations = (
				3E45C612291B5B110002B1C5 /* Debug */,
				3E45C613291B5B110002B1C5 /* Release */,
			);
			defaultConfigurationIsVisible = 0;
			defaultConfigurationName = Release;
		};
		3E6B9FDA291C8CF7000A8808 /* Build configuration list for PBXNativeTarget "WidgetExtension" */ = {
			isa = XCConfigurationList;
			buildConfigurations = (
				3E6B9FD8291C8CF7000A8808 /* Debug */,
				3E6B9FD9291C8CF7000A8808 /* Release */,
			);
			defaultConfigurationIsVisible = 0;
			defaultConfigurationName = Release;
		};
/* End XCConfigurationList section */
	};
	rootObject = 3E45C5FA291B5B100002B1C5 /* Project object */;
}
